// !$*UTF8*$!
{
	archiveVersion = 1;
	classes = {
	};
	objectVersion = 50;
	objects = {

/* Begin PBXBuildFile section */
		0757A58F2410558B00437157 /* Images in Resources */ = {isa = PBXBuildFile; fileRef = 0757A58E2410558B00437157 /* Images */; };
		075DC61A240F7B2E00EE2780 /* AppDelegate.swift in Sources */ = {isa = PBXBuildFile; fileRef = 075DC619240F7B2E00EE2780 /* AppDelegate.swift */; };
		075DC61C240F7B2E00EE2780 /* SceneDelegate.swift in Sources */ = {isa = PBXBuildFile; fileRef = 075DC61B240F7B2E00EE2780 /* SceneDelegate.swift */; };
		075DC621240F7B2E00EE2780 /* Main.storyboard in Resources */ = {isa = PBXBuildFile; fileRef = 075DC61F240F7B2E00EE2780 /* Main.storyboard */; };
		075DC623240F7B2F00EE2780 /* Assets.xcassets in Resources */ = {isa = PBXBuildFile; fileRef = 075DC622240F7B2F00EE2780 /* Assets.xcassets */; };
		075DC626240F7B2F00EE2780 /* LaunchScreen.storyboard in Resources */ = {isa = PBXBuildFile; fileRef = 075DC624240F7B2F00EE2780 /* LaunchScreen.storyboard */; };
		07701EC92412711300C458CD /* WeatherTableViewController.swift in Sources */ = {isa = PBXBuildFile; fileRef = 07701EC82412711300C458CD /* WeatherTableViewController.swift */; };
/* End PBXBuildFile section */

/* Begin PBXFileReference section */
		0757A58E2410558B00437157 /* Images */ = {isa = PBXFileReference; lastKnownFileType = folder; path = Images; sourceTree = "<group>"; };
		075DC616240F7B2E00EE2780 /* CityWeather.app */ = {isa = PBXFileReference; explicitFileType = wrapper.application; includeInIndex = 0; path = CityWeather.app; sourceTree = BUILT_PRODUCTS_DIR; };
		075DC619240F7B2E00EE2780 /* AppDelegate.swift */ = {isa = PBXFileReference; lastKnownFileType = sourcecode.swift; path = AppDelegate.swift; sourceTree = "<group>"; };
		075DC61B240F7B2E00EE2780 /* SceneDelegate.swift */ = {isa = PBXFileReference; lastKnownFileType = sourcecode.swift; path = SceneDelegate.swift; sourceTree = "<group>"; };
		075DC620240F7B2E00EE2780 /* Base */ = {isa = PBXFileReference; lastKnownFileType = file.storyboard; name = Base; path = Base.lproj/Main.storyboard; sourceTree = "<group>"; };
		075DC622240F7B2F00EE2780 /* Assets.xcassets */ = {isa = PBXFileReference; lastKnownFileType = folder.assetcatalog; path = Assets.xcassets; sourceTree = "<group>"; };
		075DC625240F7B2F00EE2780 /* Base */ = {isa = PBXFileReference; lastKnownFileType = file.storyboard; name = Base; path = Base.lproj/LaunchScreen.storyboard; sourceTree = "<group>"; };
		075DC627240F7B2F00EE2780 /* Info.plist */ = {isa = PBXFileReference; lastKnownFileType = text.plist.xml; path = Info.plist; sourceTree = "<group>"; };
		07701EC82412711300C458CD /* WeatherTableViewController.swift */ = {isa = PBXFileReference; lastKnownFileType = sourcecode.swift; path = WeatherTableViewController.swift; sourceTree = "<group>"; };
/* End PBXFileReference section */

/* Begin PBXFrameworksBuildPhase section */
		075DC613240F7B2E00EE2780 /* Frameworks */ = {
			isa = PBXFrameworksBuildPhase;
			buildActionMask = 2147483647;
			files = (
			);
			runOnlyForDeploymentPostprocessing = 0;
		};
/* End PBXFrameworksBuildPhase section */

/* Begin PBXGroup section */
		075DC60D240F7B2E00EE2780 = {
			isa = PBXGroup;
			children = (
				075DC618240F7B2E00EE2780 /* CityWeather */,
				075DC617240F7B2E00EE2780 /* Products */,
			);
			sourceTree = "<group>";
		};
		075DC617240F7B2E00EE2780 /* Products */ = {
			isa = PBXGroup;
			children = (
				075DC616240F7B2E00EE2780 /* CityWeather.app */,
			);
			name = Products;
			sourceTree = "<group>";
		};
		075DC618240F7B2E00EE2780 /* CityWeather */ = {
			isa = PBXGroup;
			children = (
				07701EC82412711300C458CD /* WeatherTableViewController.swift */,
				075DC619240F7B2E00EE2780 /* AppDelegate.swift */,
				075DC61B240F7B2E00EE2780 /* SceneDelegate.swift */,
				075DC61F240F7B2E00EE2780 /* Main.storyboard */,
				0757A58E2410558B00437157 /* Images */,
				075DC622240F7B2F00EE2780 /* Assets.xcassets */,
				075DC624240F7B2F00EE2780 /* LaunchScreen.storyboard */,
				075DC627240F7B2F00EE2780 /* Info.plist */,
			);
			path = CityWeather;
			sourceTree = "<group>";
		};
/* End PBXGroup section */

/* Begin PBXNativeTarget section */
		075DC615240F7B2E00EE2780 /* CityWeather */ = {
			isa = PBXNativeTarget;
			buildConfigurationList = 075DC62A240F7B2F00EE2780 /* Build configuration list for PBXNativeTarget "CityWeather" */;
			buildPhases = (
				075DC612240F7B2E00EE2780 /* Sources */,
				075DC613240F7B2E00EE2780 /* Frameworks */,
				075DC614240F7B2E00EE2780 /* Resources */,
			);
			buildRules = (
			);
			dependencies = (
			);
			name = CityWeather;
			productName = CityWeather;
			productReference = 075DC616240F7B2E00EE2780 /* CityWeather.app */;
			productType = "com.apple.product-type.application";
		};
/* End PBXNativeTarget section */

/* Begin PBXProject section */
		075DC60E240F7B2E00EE2780 /* Project object */ = {
			isa = PBXProject;
			attributes = {
				LastSwiftUpdateCheck = 1130;
				LastUpgradeCheck = 1130;
				ORGANIZATIONNAME = "Tony Choi";
				TargetAttributes = {
					075DC615240F7B2E00EE2780 = {
						CreatedOnToolsVersion = 11.3.1;
					};
				};
			};
			buildConfigurationList = 075DC611240F7B2E00EE2780 /* Build configuration list for PBXProject "CityWeather" */;
			compatibilityVersion = "Xcode 9.3";
			developmentRegion = en;
			hasScannedForEncodings = 0;
			knownRegions = (
				en,
				Base,
			);
			mainGroup = 075DC60D240F7B2E00EE2780;
			productRefGroup = 075DC617240F7B2E00EE2780 /* Products */;
			projectDirPath = "";
			projectRoot = "";
			targets = (
				075DC615240F7B2E00EE2780 /* CityWeather */,
			);
		};
/* End PBXProject section */

/* Begin PBXResourcesBuildPhase section */
		075DC614240F7B2E00EE2780 /* Resources */ = {
			isa = PBXResourcesBuildPhase;
			buildActionMask = 2147483647;
			files = (
				0757A58F2410558B00437157 /* Images in Resources */,
				075DC626240F7B2F00EE2780 /* LaunchScreen.storyboard in Resources */,
				075DC623240F7B2F00EE2780 /* Assets.xcassets in Resources */,
				075DC621240F7B2E00EE2780 /* Main.storyboard in Resources */,
			);
			runOnlyForDeploymentPostprocessing = 0;
		};
/* End PBXResourcesBuildPhase section */

/* Begin PBXSourcesBuildPhase section */
		075DC612240F7B2E00EE2780 /* Sources */ = {
			isa = PBXSourcesBuildPhase;
			buildActionMask = 2147483647;
			files = (
				075DC61A240F7B2E00EE2780 /* AppDelegate.swift in Sources */,
				07701EC92412711300C458CD /* WeatherTableViewController.swift in Sources */,
				075DC61C240F7B2E00EE2780 /* SceneDelegate.swift in Sources */,
			);
			runOnlyForDeploymentPostprocessing = 0;
		};
/* End PBXSourcesBuildPhase section */

/* Begin PBXVariantGroup section */
		075DC61F240F7B2E00EE2780 /* Main.storyboard */ = {
			isa = PBXVariantGroup;
			children = (
				075DC620240F7B2E00EE2780 /* Base */,
			);
			name = Main.storyboard;
			sourceTree = "<group>";
		};
		075DC624240F7B2F00EE2780 /* LaunchScreen.storyboard */ = {
			isa = PBXVariantGroup;
			children = (
				075DC625240F7B2F00EE2780 /* Base */,
			);
			name = LaunchScreen.storyboard;
			sourceTree = "<group>";
		};
/* End PBXVariantGroup section */

/* Begin XCBuildConfiguration section */
		075DC628240F7B2F00EE2780 /* Debug */ = {
			isa = XCBuildConfiguration;
			buildSettings = {
				ALWAYS_SEARCH_USER_PATHS = NO;
				CLANG_ANALYZER_NONNULL = YES;
				CLANG_ANALYZER_NUMBER_OBJECT_CONVERSION = YES_AGGRESSIVE;
				CLANG_CXX_LANGUAGE_STANDARD = "gnu++14";
				CLANG_CXX_LIBRARY = "libc++";
				CLANG_ENABLE_MODULES = YES;
				CLANG_ENABLE_OBJC_ARC = YES;
				CLANG_ENABLE_OBJC_WEAK = YES;
				CLANG_WARN_BLOCK_CAPTURE_AUTORELEASING = YES;
				CLANG_WARN_BOOL_CONVERSION = YES;
				CLANG_WARN_COMMA = YES;
				CLANG_WARN_CONSTANT_CONVERSION = YES;
				CLANG_WARN_DEPRECATED_OBJC_IMPLEMENTATIONS = YES;
				CLANG_WARN_DIRECT_OBJC_ISA_USAGE = YES_ERROR;
				CLANG_WARN_DOCUMENTATION_COMMENTS = YES;
				CLANG_WARN_EMPTY_BODY = YES;
				CLANG_WARN_ENUM_CONVERSION = YES;
				CLANG_WARN_INFINITE_RECURSION = YES;
				CLANG_WARN_INT_CONVERSION = YES;
				CLANG_WARN_NON_LITERAL_NULL_CONVERSION = YES;
				CLANG_WARN_OBJC_IMPLICIT_RETAIN_SELF = YES;
				CLANG_WARN_OBJC_LITERAL_CONVERSION = YES;
				CLANG_WARN_OBJC_ROOT_CLASS = YES_ERROR;
				CLANG_WARN_RANGE_LOOP_ANALYSIS = YES;
				CLANG_WARN_STRICT_PROTOTYPES = YES;
				CLANG_WARN_SUSPICIOUS_MOVE = YES;
				CLANG_WARN_UNGUARDED_AVAILABILITY = YES_AGGRESSIVE;
				CLANG_WARN_UNREACHABLE_CODE = YES;
				CLANG_WARN__DUPLICATE_METHOD_MATCH = YES;
				COPY_PHASE_STRIP = NO;
				DEBUG_INFORMATION_FORMAT = dwarf;
				ENABLE_STRICT_OBJC_MSGSEND = YES;
				ENABLE_TESTABILITY = YES;
				GCC_C_LANGUAGE_STANDARD = gnu11;
				GCC_DYNAMIC_NO_PIC = NO;
				GCC_NO_COMMON_BLOCKS = YES;
				GCC_OPTIMIZATION_LEVEL = 0;
				GCC_PREPROCESSOR_DEFINITIONS = (
					"DEBUG=1",
					"$(inherited)",
				);
				GCC_WARN_64_TO_32_BIT_CONVERSION = YES;
				GCC_WARN_ABOUT_RETURN_TYPE = YES_ERROR;
				GCC_WARN_UNDECLARED_SELECTOR = YES;
				GCC_WARN_UNINITIALIZED_AUTOS = YES_AGGRESSIVE;
				GCC_WARN_UNUSED_FUNCTION = YES;
				GCC_WARN_UNUSED_VARIABLE = YES;
				IPHONEOS_DEPLOYMENT_TARGET = 13.2;
				MTL_ENABLE_DEBUG_INFO = INCLUDE_SOURCE;
				MTL_FAST_MATH = YES;
				ONLY_ACTIVE_ARCH = YES;
				SDKROOT = iphoneos;
				SWIFT_ACTIVE_COMPILATION_CONDITIONS = DEBUG;
				SWIFT_OPTIMIZATION_LEVEL = "-Onone";
			};
			name = Debug;
		};
		075DC629240F7B2F00EE2780 /* Release */ = {
			isa = XCBuildConfiguration;
			buildSettings = {
				ALWAYS_SEARCH_USER_PATHS = NO;
				CLANG_ANALYZER_NONNULL = YES;
				CLANG_ANALYZER_NUMBER_OBJECT_CONVERSION = YES_AGGRESSIVE;
				CLANG_CXX_LANGUAGE_STANDARD = "gnu++14";
				CLANG_CXX_LIBRARY = "libc++";
				CLANG_ENABLE_MODULES = YES;
				CLANG_ENABLE_OBJC_ARC = YES;
				CLANG_ENABLE_OBJC_WEAK = YES;
				CLANG_WARN_BLOCK_CAPTURE_AUTORELEASING = YES;
				CLANG_WARN_BOOL_CONVERSION = YES;
				CLANG_WARN_COMMA = YES;
				CLANG_WARN_CONSTANT_CONVERSION = YES;
				CLANG_WARN_DEPRECATED_OBJC_IMPLEMENTATIONS = YES;
				CLANG_WARN_DIRECT_OBJC_ISA_USAGE = YES_ERROR;
				CLANG_WARN_DOCUMENTATION_COMMENTS = YES;
				CLANG_WARN_EMPTY_BODY = YES;
				CLANG_WARN_ENUM_CONVERSION = YES;
				CLANG_WARN_INFINITE_RECURSION = YES;
				CLANG_WARN_INT_CONVERSION = YES;
				CLANG_WARN_NON_LITERAL_NULL_CONVERSION = YES;
				CLANG_WARN_OBJC_IMPLICIT_RETAIN_SELF = YES;
				CLANG_WARN_OBJC_LITERAL_CONVERSION = YES;
				CLANG_WARN_OBJC_ROOT_CLASS = YES_ERROR;
				CLANG_WARN_RANGE_LOOP_ANALYSIS = YES;
				CLANG_WARN_STRICT_PROTOTYPES = YES;
				CLANG_WARN_SUSPICIOUS_MOVE = YES;
				CLANG_WARN_UNGUARDED_AVAILABILITY = YES_AGGRESSIVE;
				CLANG_WARN_UNREACHABLE_CODE = YES;
				CLANG_WARN__DUPLICATE_METHOD_MATCH = YES;
				COPY_PHASE_STRIP = NO;
				DEBUG_INFORMATION_FORMAT = "dwarf-with-dsym";
				ENABLE_NS_ASSERTIONS = NO;
				ENABLE_STRICT_OBJC_MSGSEND = YES;
				GCC_C_LANGUAGE_STANDARD = gnu11;
				GCC_NO_COMMON_BLOCKS = YES;
				GCC_WARN_64_TO_32_BIT_CONVERSION = YES;
				GCC_WARN_ABOUT_RETURN_TYPE = YES_ERROR;
				GCC_WARN_UNDECLARED_SELECTOR = YES;
				GCC_WARN_UNINITIALIZED_AUTOS = YES_AGGRESSIVE;
				GCC_WARN_UNUSED_FUNCTION = YES;
				GCC_WARN_UNUSED_VARIABLE = YES;
				IPHONEOS_DEPLOYMENT_TARGET = 13.2;
				MTL_ENABLE_DEBUG_INFO = NO;
				MTL_FAST_MATH = YES;
				SDKROOT = iphoneos;
				SWIFT_COMPILATION_MODE = wholemodule;
				SWIFT_OPTIMIZATION_LEVEL = "-O";
				VALIDATE_PRODUCT = YES;
			};
			name = Release;
		};
		075DC62B240F7B2F00EE2780 /* Debug */ = {
			isa = XCBuildConfiguration;
			buildSettings = {
				ASSETCATALOG_COMPILER_APPICON_NAME = AppIcon;
				CODE_SIGN_STYLE = Automatic;
				INFOPLIST_FILE = CityWeather/Info.plist;
				LD_RUNPATH_SEARCH_PATHS = (
					"$(inherited)",
					"@executable_path/Frameworks",
				);
				PRODUCT_BUNDLE_IDENTIFIER = afjhbkfl.CityWeather;
				PRODUCT_NAME = "$(TARGET_NAME)";
				SWIFT_VERSION = 5.0;
				TARGETED_DEVICE_FAMILY = "1,2";
			};
			name = Debug;
		};
		075DC62C240F7B2F00EE2780 /* Release */ = {
			isa = XCBuildConfiguration;
			buildSettings = {
				ASSETCATALOG_COMPILER_APPICON_NAME = AppIcon;
				CODE_SIGN_STYLE = Automatic;
				INFOPLIST_FILE = CityWeather/Info.plist;
				LD_RUNPATH_SEARCH_PATHS = (
					"$(inherited)",
					"@executable_path/Frameworks",
				);
				PRODUCT_BUNDLE_IDENTIFIER = afjhbkfl.CityWeather;
				PRODUCT_NAME = "$(TARGET_NAME)";
				SWIFT_VERSION = 5.0;
				TARGETED_DEVICE_FAMILY = "1,2";
			};
			name = Release;
		};
/* End XCBuildConfiguration section */

/* Begin XCConfigurationList section */
		075DC611240F7B2E00EE2780 /* Build configuration list for PBXProject "CityWeather" */ = {
			isa = XCConfigurationList;
			buildConfigurations = (
				075DC628240F7B2F00EE2780 /* Debug */,
				075DC629240F7B2F00EE2780 /* Release */,
			);
			defaultConfigurationIsVisible = 0;
			defaultConfigurationName = Release;
		};
		075DC62A240F7B2F00EE2780 /* Build configuration list for PBXNativeTarget "CityWeather" */ = {
			isa = XCConfigurationList;
			buildConfigurations = (
				075DC62B240F7B2F00EE2780 /* Debug */,
				075DC62C240F7B2F00EE2780 /* Release */,
			);
			defaultConfigurationIsVisible = 0;
			defaultConfigurationName = Release;
		};
/* End XCConfigurationList section */
	};
	rootObject = 075DC60E240F7B2E00EE2780 /* Project object */;
}
